// !$*UTF8*$!
{
	archiveVersion = 1;
	classes = {
	};
	objectVersion = 50;
	objects = {

/* Begin PBXBuildFile section */
		876420122190DC14003584BE /* AppDelegate.swift in Sources */ = {isa = PBXBuildFile; fileRef = 876420112190DC14003584BE /* AppDelegate.swift */; };
		876420142190DC14003584BE /* ViewController.swift in Sources */ = {isa = PBXBuildFile; fileRef = 876420132190DC14003584BE /* ViewController.swift */; };
		876420172190DC14003584BE /* Main.storyboard in Resources */ = {isa = PBXBuildFile; fileRef = 876420152190DC14003584BE /* Main.storyboard */; };
		876420192190DC15003584BE /* Assets.xcassets in Resources */ = {isa = PBXBuildFile; fileRef = 876420182190DC15003584BE /* Assets.xcassets */; };
		8764201C2190DC15003584BE /* LaunchScreen.storyboard in Resources */ = {isa = PBXBuildFile; fileRef = 8764201A2190DC15003584BE /* LaunchScreen.storyboard */; };
		876420242190DCAE003584BE /* Crab.xcassets in Resources */ = {isa = PBXBuildFile; fileRef = 876420232190DCAE003584BE /* Crab.xcassets */; };
		876420262190DCFC003584BE /* SKSpriteNode+Utility.swift in Sources */ = {isa = PBXBuildFile; fileRef = 876420252190DCFB003584BE /* SKSpriteNode+Utility.swift */; };
		8764202A2190DEF5003584BE /* CustomScene.swift in Sources */ = {isa = PBXBuildFile; fileRef = 876420292190DEF5003584BE /* CustomScene.swift */; };
/* End PBXBuildFile section */

/* Begin PBXFileReference section */
		8764200E2190DC14003584BE /* FirstSprites.app */ = {isa = PBXFileReference; explicitFileType = wrapper.application; includeInIndex = 0; path = FirstSprites.app; sourceTree = BUILT_PRODUCTS_DIR; };
		876420112190DC14003584BE /* AppDelegate.swift */ = {isa = PBXFileReference; lastKnownFileType = sourcecode.swift; path = AppDelegate.swift; sourceTree = "<group>"; };
		876420132190DC14003584BE /* ViewController.swift */ = {isa = PBXFileReference; lastKnownFileType = sourcecode.swift; path = ViewController.swift; sourceTree = "<group>"; };
		876420162190DC14003584BE /* Base */ = {isa = PBXFileReference; lastKnownFileType = file.storyboard; name = Base; path = Base.lproj/Main.storyboard; sourceTree = "<group>"; };
		876420182190DC15003584BE /* Assets.xcassets */ = {isa = PBXFileReference; lastKnownFileType = folder.assetcatalog; path = Assets.xcassets; sourceTree = "<group>"; };
		8764201B2190DC15003584BE /* Base */ = {isa = PBXFileReference; lastKnownFileType = file.storyboard; name = Base; path = Base.lproj/LaunchScreen.storyboard; sourceTree = "<group>"; };
		8764201D2190DC15003584BE /* Info.plist */ = {isa = PBXFileReference; lastKnownFileType = text.plist.xml; path = Info.plist; sourceTree = "<group>"; };
		876420232190DCAE003584BE /* Crab.xcassets */ = {isa = PBXFileReference; lastKnownFileType = folder.assetcatalog; name = Crab.xcassets; path = ../../Crab.xcassets; sourceTree = "<group>"; };
		876420252190DCFB003584BE /* SKSpriteNode+Utility.swift */ = {isa = PBXFileReference; fileEncoding = 4; lastKnownFileType = sourcecode.swift; name = "SKSpriteNode+Utility.swift"; path = "../../SKSpriteNode+Utility.swift"; sourceTree = "<group>"; };
		876420292190DEF5003584BE /* CustomScene.swift */ = {isa = PBXFileReference; lastKnownFileType = sourcecode.swift; path = CustomScene.swift; sourceTree = "<group>"; };
/* End PBXFileReference section */

/* Begin PBXFrameworksBuildPhase section */
		8764200B2190DC14003584BE /* Frameworks */ = {
			isa = PBXFrameworksBuildPhase;
			buildActionMask = 2147483647;
			files = (
			);
			runOnlyForDeploymentPostprocessing = 0;
		};
/* End PBXFrameworksBuildPhase section */

/* Begin PBXGroup section */
		876420052190DC14003584BE = {
			isa = PBXGroup;
			children = (
				876420102190DC14003584BE /* FirstSprites */,
				8764200F2190DC14003584BE /* Products */,
			);
			sourceTree = "<group>";
		};
		8764200F2190DC14003584BE /* Products */ = {
			isa = PBXGroup;
			children = (
				8764200E2190DC14003584BE /* FirstSprites.app */,
			);
			name = Products;
			sourceTree = "<group>";
		};
		876420102190DC14003584BE /* FirstSprites */ = {
			isa = PBXGroup;
			children = (
				876420112190DC14003584BE /* AppDelegate.swift */,
				876420132190DC14003584BE /* ViewController.swift */,
				876420292190DEF5003584BE /* CustomScene.swift */,
				876420252190DCFB003584BE /* SKSpriteNode+Utility.swift */,
				876420152190DC14003584BE /* Main.storyboard */,
				876420182190DC15003584BE /* Assets.xcassets */,
				876420232190DCAE003584BE /* Crab.xcassets */,
				8764201A2190DC15003584BE /* LaunchScreen.storyboard */,
				8764201D2190DC15003584BE /* Info.plist */,
			);
			path = FirstSprites;
			sourceTree = "<group>";
		};
/* End PBXGroup section */

/* Begin PBXNativeTarget section */
		8764200D2190DC14003584BE /* FirstSprites */ = {
			isa = PBXNativeTarget;
			buildConfigurationList = 876420202190DC15003584BE /* Build configuration list for PBXNativeTarget "FirstSprites" */;
			buildPhases = (
				8764200A2190DC14003584BE /* Sources */,
				8764200B2190DC14003584BE /* Frameworks */,
				8764200C2190DC14003584BE /* Resources */,
			);
			buildRules = (
			);
			dependencies = (
			);
			name = FirstSprites;
			productName = FirstSprites;
			productReference = 8764200E2190DC14003584BE /* FirstSprites.app */;
			productType = "com.apple.product-type.application";
		};
/* End PBXNativeTarget section */

/* Begin PBXProject section */
		876420062190DC14003584BE /* Project object */ = {
			isa = PBXProject;
			attributes = {
				LastSwiftUpdateCheck = 1000;
				LastUpgradeCheck = 1000;
				ORGANIZATIONNAME = "Ariel M. McLaughlin";
				TargetAttributes = {
					8764200D2190DC14003584BE = {
						CreatedOnToolsVersion = 10.0;
					};
				};
			};
			buildConfigurationList = 876420092190DC14003584BE /* Build configuration list for PBXProject "FirstSprites" */;
			compatibilityVersion = "Xcode 9.3";
			developmentRegion = en;
			hasScannedForEncodings = 0;
			knownRegions = (
				en,
				Base,
			);
			mainGroup = 876420052190DC14003584BE;
			productRefGroup = 8764200F2190DC14003584BE /* Products */;
			projectDirPath = "";
			projectRoot = "";
			targets = (
				8764200D2190DC14003584BE /* FirstSprites */,
			);
		};
/* End PBXProject section */

/* Begin PBXResourcesBuildPhase section */
		8764200C2190DC14003584BE /* Resources */ = {
			isa = PBXResourcesBuildPhase;
			buildActionMask = 2147483647;
			files = (
				8764201C2190DC15003584BE /* LaunchScreen.storyboard in Resources */,
				876420242190DCAE003584BE /* Crab.xcassets in Resources */,
				876420192190DC15003584BE /* Assets.xcassets in Resources */,
				876420172190DC14003584BE /* Main.storyboard in Resources */,
			);
			runOnlyForDeploymentPostprocessing = 0;
		};
/* End PBXResourcesBuildPhase section */

/* Begin PBXSourcesBuildPhase section */
		8764200A2190DC14003584BE /* Sources */ = {
			isa = PBXSourcesBuildPhase;
			buildActionMask = 2147483647;
			files = (
				876420262190DCFC003584BE /* SKSpriteNode+Utility.swift in Sources */,
				8764202A2190DEF5003584BE /* CustomScene.swift in Sources */,
				876420142190DC14003584BE /* ViewController.swift in Sources */,
				876420122190DC14003584BE /* AppDelegate.swift in Sources */,
			);
			runOnlyForDeploymentPostprocessing = 0;
		};
/* End PBXSourcesBuildPhase section */

/* Begin PBXVariantGroup section */
		876420152190DC14003584BE /* Main.storyboard */ = {
			isa = PBXVariantGroup;
			children = (
				876420162190DC14003584BE /* Base */,
			);
			name = Main.storyboard;
			sourceTree = "<group>";
		};
		8764201A2190DC15003584BE /* LaunchScreen.storyboard */ = {
			isa = PBXVariantGroup;
			children = (
				8764201B2190DC15003584BE /* Base */,
			);
			name = LaunchScreen.storyboard;
			sourceTree = "<group>";
		};
/* End PBXVariantGroup section */

/* Begin XCBuildConfiguration section */
		8764201E2190DC15003584BE /* Debug */ = {
			isa = XCBuildConfiguration;
			buildSettings = {
				ALWAYS_SEARCH_USER_PATHS = NO;
				CLANG_ANALYZER_NONNULL = YES;
				CLANG_ANALYZER_NUMBER_OBJECT_CONVERSION = YES_AGGRESSIVE;
				CLANG_CXX_LANGUAGE_STANDARD = "gnu++14";
				CLANG_CXX_LIBRARY = "libc++";
				CLANG_ENABLE_MODULES = YES;
				CLANG_ENABLE_OBJC_ARC = YES;
				CLANG_ENABLE_OBJC_WEAK = YES;
				CLANG_WARN_BLOCK_CAPTURE_AUTORELEASING = YES;
				CLANG_WARN_BOOL_CONVERSION = YES;
				CLANG_WARN_COMMA = YES;
				CLANG_WARN_CONSTANT_CONVERSION = YES;
				CLANG_WARN_DEPRECATED_OBJC_IMPLEMENTATIONS = YES;
				CLANG_WARN_DIRECT_OBJC_ISA_USAGE = YES_ERROR;
				CLANG_WARN_DOCUMENTATION_COMMENTS = YES;
				CLANG_WARN_EMPTY_BODY = YES;
				CLANG_WARN_ENUM_CONVERSION = YES;
				CLANG_WARN_INFINITE_RECURSION = YES;
				CLANG_WARN_INT_CONVERSION = YES;
				CLANG_WARN_NON_LITERAL_NULL_CONVERSION = YES;
				CLANG_WARN_OBJC_IMPLICIT_RETAIN_SELF = YES;
				CLANG_WARN_OBJC_LITERAL_CONVERSION = YES;
				CLANG_WARN_OBJC_ROOT_CLASS = YES_ERROR;
				CLANG_WARN_RANGE_LOOP_ANALYSIS = YES;
				CLANG_WARN_STRICT_PROTOTYPES = YES;
				CLANG_WARN_SUSPICIOUS_MOVE = YES;
				CLANG_WARN_UNGUARDED_AVAILABILITY = YES_AGGRESSIVE;
				CLANG_WARN_UNREACHABLE_CODE = YES;
				CLANG_WARN__DUPLICATE_METHOD_MATCH = YES;
				CODE_SIGN_IDENTITY = "iPhone Developer";
				COPY_PHASE_STRIP = NO;
				DEBUG_INFORMATION_FORMAT = dwarf;
				ENABLE_STRICT_OBJC_MSGSEND = YES;
				ENABLE_TESTABILITY = YES;
				GCC_C_LANGUAGE_STANDARD = gnu11;
				GCC_DYNAMIC_NO_PIC = NO;
				GCC_NO_COMMON_BLOCKS = YES;
				GCC_OPTIMIZATION_LEVEL = 0;
				GCC_PREPROCESSOR_DEFINITIONS = (
					"DEBUG=1",
					"$(inherited)",
				);
				GCC_WARN_64_TO_32_BIT_CONVERSION = YES;
				GCC_WARN_ABOUT_RETURN_TYPE = YES_ERROR;
				GCC_WARN_UNDECLARED_SELECTOR = YES;
				GCC_WARN_UNINITIALIZED_AUTOS = YES_AGGRESSIVE;
				GCC_WARN_UNUSED_FUNCTION = YES;
				GCC_WARN_UNUSED_VARIABLE = YES;
				IPHONEOS_DEPLOYMENT_TARGET = 12.0;
				MTL_ENABLE_DEBUG_INFO = INCLUDE_SOURCE;
				MTL_FAST_MATH = YES;
				ONLY_ACTIVE_ARCH = YES;
				SDKROOT = iphoneos;
				SWIFT_ACTIVE_COMPILATION_CONDITIONS = DEBUG;
				SWIFT_OPTIMIZATION_LEVEL = "-Onone";
			};
			name = Debug;
		};
		8764201F2190DC15003584BE /* Release */ = {
			isa = XCBuildConfiguration;
			buildSettings = {
				ALWAYS_SEARCH_USER_PATHS = NO;
				CLANG_ANALYZER_NONNULL = YES;
				CLANG_ANALYZER_NUMBER_OBJECT_CONVERSION = YES_AGGRESSIVE;
				CLANG_CXX_LANGUAGE_STANDARD = "gnu++14";
				CLANG_CXX_LIBRARY = "libc++";
				CLANG_ENABLE_MODULES = YES;
				CLANG_ENABLE_OBJC_ARC = YES;
				CLANG_ENABLE_OBJC_WEAK = YES;
				CLANG_WARN_BLOCK_CAPTURE_AUTORELEASING = YES;
				CLANG_WARN_BOOL_CONVERSION = YES;
				CLANG_WARN_COMMA = YES;
				CLANG_WARN_CONSTANT_CONVERSION = YES;
				CLANG_WARN_DEPRECATED_OBJC_IMPLEMENTATIONS = YES;
				CLANG_WARN_DIRECT_OBJC_ISA_USAGE = YES_ERROR;
				CLANG_WARN_DOCUMENTATION_COMMENTS = YES;
				CLANG_WARN_EMPTY_BODY = YES;
				CLANG_WARN_ENUM_CONVERSION = YES;
				CLANG_WARN_INFINITE_RECURSION = YES;
				CLANG_WARN_INT_CONVERSION = YES;
				CLANG_WARN_NON_LITERAL_NULL_CONVERSION = YES;
				CLANG_WARN_OBJC_IMPLICIT_RETAIN_SELF = YES;
				CLANG_WARN_OBJC_LITERAL_CONVERSION = YES;
				CLANG_WARN_OBJC_ROOT_CLASS = YES_ERROR;
				CLANG_WARN_RANGE_LOOP_ANALYSIS = YES;
				CLANG_WARN_STRICT_PROTOTYPES = YES;
				CLANG_WARN_SUSPICIOUS_MOVE = YES;
				CLANG_WARN_UNGUARDED_AVAILABILITY = YES_AGGRESSIVE;
				CLANG_WARN_UNREACHABLE_CODE = YES;
				CLANG_WARN__DUPLICATE_METHOD_MATCH = YES;
				CODE_SIGN_IDENTITY = "iPhone Developer";
				COPY_PHASE_STRIP = NO;
				DEBUG_INFORMATION_FORMAT = "dwarf-with-dsym";
				ENABLE_NS_ASSERTIONS = NO;
				ENABLE_STRICT_OBJC_MSGSEND = YES;
				GCC_C_LANGUAGE_STANDARD = gnu11;
				GCC_NO_COMMON_BLOCKS = YES;
				GCC_WARN_64_TO_32_BIT_CONVERSION = YES;
				GCC_WARN_ABOUT_RETURN_TYPE = YES_ERROR;
				GCC_WARN_UNDECLARED_SELECTOR = YES;
				GCC_WARN_UNINITIALIZED_AUTOS = YES_AGGRESSIVE;
				GCC_WARN_UNUSED_FUNCTION = YES;
				GCC_WARN_UNUSED_VARIABLE = YES;
				IPHONEOS_DEPLOYMENT_TARGET = 12.0;
				MTL_ENABLE_DEBUG_INFO = NO;
				MTL_FAST_MATH = YES;
				SDKROOT = iphoneos;
				SWIFT_COMPILATION_MODE = wholemodule;
				SWIFT_OPTIMIZATION_LEVEL = "-O";
				VALIDATE_PRODUCT = YES;
			};
			name = Release;
		};
		876420212190DC15003584BE /* Debug */ = {
			isa = XCBuildConfiguration;
			buildSettings = {
				ASSETCATALOG_COMPILER_APPICON_NAME = AppIcon;
				CODE_SIGN_STYLE = Automatic;
				DEVELOPMENT_TEAM = LP562MV2A4;
				INFOPLIST_FILE = FirstSprites/Info.plist;
				LD_RUNPATH_SEARCH_PATHS = (
					"$(inherited)",
					"@executable_path/Frameworks",
				);
				PRODUCT_BUNDLE_IDENTIFIER = SprintModule.FirstSprites;
				PRODUCT_NAME = "$(TARGET_NAME)";
				SWIFT_VERSION = 4.2;
				TARGETED_DEVICE_FAMILY = "1,2";
			};
			name = Debug;
		};
		876420222190DC15003584BE /* Release */ = {
			isa = XCBuildConfiguration;
			buildSettings = {
				ASSETCATALOG_COMPILER_APPICON_NAME = AppIcon;
				CODE_SIGN_STYLE = Automatic;
				DEVELOPMENT_TEAM = LP562MV2A4;
				INFOPLIST_FILE = FirstSprites/Info.plist;
				LD_RUNPATH_SEARCH_PATHS = (
					"$(inherited)",
					"@executable_path/Frameworks",
				);
				PRODUCT_BUNDLE_IDENTIFIER = SprintModule.FirstSprites;
				PRODUCT_NAME = "$(TARGET_NAME)";
				SWIFT_VERSION = 4.2;
				TARGETED_DEVICE_FAMILY = "1,2";
			};
			name = Release;
		};
/* End XCBuildConfiguration section */

/* Begin XCConfigurationList section */
		876420092190DC14003584BE /* Build configuration list for PBXProject "FirstSprites" */ = {
			isa = XCConfigurationList;
			buildConfigurations = (
				8764201E2190DC15003584BE /* Debug */,
				8764201F2190DC15003584BE /* Release */,
			);
			defaultConfigurationIsVisible = 0;
			defaultConfigurationName = Release;
		};
		876420202190DC15003584BE /* Build configuration list for PBXNativeTarget "FirstSprites" */ = {
			isa = XCConfigurationList;
			buildConfigurations = (
				876420212190DC15003584BE /* Debug */,
				876420222190DC15003584BE /* Release */,
			);
			defaultConfigurationIsVisible = 0;
			defaultConfigurationName = Release;
		};
/* End XCConfigurationList section */
	};
	rootObject = 876420062190DC14003584BE /* Project object */;
}
